Microsoft Visual Studio Solution File, Format Version 12.00
# Visual Studio Version 16
VisualStudioVersion = 16.0.30104.148
MinimumVisualStudioVersion = 10.0.40219.1
Project("{FAE04EC0-301F-11D3-BF4B-00C04F79EFBC}") = "AssemblyInfoUtil", "AssemblyInfoUtil.csproj", "{E8E41672-DC17-4F3F-B0DF-BCD775B1A8A2}"
EndProject
Global
	GlobalSection(SolutionConfigurationPlatforms) = preSolution
		Debug|Any CPU = Debug|Any CPU
		Release|Any CPU = Release|Any CPU
	EndGlobalSection
	GlobalSection(ProjectConfigurationPlatforms) = postSolution
		{E8E41672-DC17-4F3F-B0DF-BCD775B1A8A2}.Debug|Any CPU.ActiveCfg = Debug|Any CPU
		{E8E41672-DC17-4F3F-B0DF-BCD775B1A8A2}.Debug|Any CPU.Build.0 = Debug|Any CPU
		{E8E41672-DC17-4F3F-B0DF-BCD775B1A8A2}.Release|Any CPU.ActiveCfg = Release|Any CPU
		{E8E41672-DC17-4F3F-B0DF-BCD775B1A8A2}.Release|Any CPU.Build.0 = Release|Any CPU
	EndGlobalSection
	GlobalSection(SolutionProperties) = preSolution
		HideSolutionNode = FALSE
	EndGlobalSection
	GlobalSection(ExtensibilityGlobals) = postSolution
		SolutionGuid = {019F48AB-7544-4EDA-A9D2-BE82E2C8DD01}
	EndGlobalSection
EndGlobal
