
Microsoft Visual Studio Solution File, Format Version 12.00
# Visual Studio Version 16
VisualStudioVersion = 16.0.30104.148
MinimumVisualStudioVersion = 10.0.40219.1
Project("{FAE04EC0-301F-11D3-BF4B-00C04F79EFBC}") = "Orien.AssemblyManager", "Orien.AssemblyManager.csproj", "{60183C34-1E87-4234-929A-FF358259165A}"
EndProject
Global
	GlobalSection(SolutionConfigurationPlatforms) = preSolution
		Debug|Any CPU = Debug|Any CPU
		Release|Any CPU = Release|Any CPU
	EndGlobalSection
	GlobalSection(ProjectConfigurationPlatforms) = postSolution
		{60183C34-1E87-4234-929A-FF358259165A}.Debug|Any CPU.ActiveCfg = Debug|Any CPU
		{60183C34-1E87-4234-929A-FF358259165A}.Debug|Any CPU.Build.0 = Debug|Any CPU
		{60183C34-1E87-4234-929A-FF358259165A}.Release|Any CPU.ActiveCfg = Release|Any CPU
		{60183C34-1E87-4234-929A-FF358259165A}.Release|Any CPU.Build.0 = Release|Any CPU
	EndGlobalSection
	GlobalSection(SolutionProperties) = preSolution
		HideSolutionNode = FALSE
	EndGlobalSection
	GlobalSection(ExtensibilityGlobals) = postSolution
		SolutionGuid = {D3A3D691-1F60-4D4D-8EDD-0242ACD849E6}
	EndGlobalSection
EndGlobal
